// !$*UTF8*$!
{
	archiveVersion = 1;
	classes = {
	};
	objectVersion = 77;
	objects = {

/* Begin PBXBuildFile section */
		E707BAE62CB3BD3D007888A2 /* CocoaMQTT in Frameworks */ = {isa = PBXBuildFile; productRef = E707BAE52CB3BD3D007888A2 /* CocoaMQTT */; };
		E75E9DB82CB90DC2004CF3D5 /* ColorfulX in Frameworks */ = {isa = PBXBuildFile; productRef = E75E9DB72CB90DC2004CF3D5 /* ColorfulX */; };
/* End PBXBuildFile section */

/* Begin PBXContainerItemProxy section */
		E707BAC52CB3BAD2007888A2 /* PBXContainerItemProxy */ = {
			isa = PBXContainerItemProxy;
			containerPortal = E707BAAC2CB3BAD1007888A2 /* Project object */;
			proxyType = 1;
			remoteGlobalIDString = E707BAB32CB3BAD1007888A2;
			remoteInfo = Domotic;
		};
		E707BACF2CB3BAD2007888A2 /* PBXContainerItemProxy */ = {
			isa = PBXContainerItemProxy;
			containerPortal = E707BAAC2CB3BAD1007888A2 /* Project object */;
			proxyType = 1;
			remoteGlobalIDString = E707BAB32CB3BAD1007888A2;
			remoteInfo = Domotic;
		};
/* End PBXContainerItemProxy section */

/* Begin PBXFileReference section */
		E707BAB42CB3BAD1007888A2 /* Domotic.app */ = {isa = PBXFileReference; explicitFileType = wrapper.application; includeInIndex = 0; path = Domotic.app; sourceTree = BUILT_PRODUCTS_DIR; };
		E707BAC42CB3BAD2007888A2 /* DomoticTests.xctest */ = {isa = PBXFileReference; explicitFileType = wrapper.cfbundle; includeInIndex = 0; path = DomoticTests.xctest; sourceTree = BUILT_PRODUCTS_DIR; };
		E707BACE2CB3BAD2007888A2 /* DomoticUITests.xctest */ = {isa = PBXFileReference; explicitFileType = wrapper.cfbundle; includeInIndex = 0; path = DomoticUITests.xctest; sourceTree = BUILT_PRODUCTS_DIR; };
/* End PBXFileReference section */

/* Begin PBXFileSystemSynchronizedRootGroup section */
		E707BAC72CB3BAD2007888A2 /* DomoticTests */ = {
			isa = PBXFileSystemSynchronizedRootGroup;
			path = DomoticTests;
			sourceTree = "<group>";
		};
		E707BAD12CB3BAD2007888A2 /* DomoticUITests */ = {
			isa = PBXFileSystemSynchronizedRootGroup;
			path = DomoticUITests;
			sourceTree = "<group>";
		};
		E707BB012CB3DDBD007888A2 /* Domotic */ = {
			isa = PBXFileSystemSynchronizedRootGroup;
			path = Domotic;
			sourceTree = "<group>";
		};
/* End PBXFileSystemSynchronizedRootGroup section */

/* Begin PBXFrameworksBuildPhase section */
		E707BAB12CB3BAD1007888A2 /* Frameworks */ = {
			isa = PBXFrameworksBuildPhase;
			buildActionMask = 2147483647;
			files = (
				E707BAE62CB3BD3D007888A2 /* CocoaMQTT in Frameworks */,
				E75E9DB82CB90DC2004CF3D5 /* ColorfulX in Frameworks */,
			);
			runOnlyForDeploymentPostprocessing = 0;
		};
		E707BAC12CB3BAD2007888A2 /* Frameworks */ = {
			isa = PBXFrameworksBuildPhase;
			buildActionMask = 2147483647;
			files = (
			);
			runOnlyForDeploymentPostprocessing = 0;
		};
		E707BACB2CB3BAD2007888A2 /* Frameworks */ = {
			isa = PBXFrameworksBuildPhase;
			buildActionMask = 2147483647;
			files = (
			);
			runOnlyForDeploymentPostprocessing = 0;
		};
/* End PBXFrameworksBuildPhase section */

/* Begin PBXGroup section */
		E707BAAB2CB3BAD1007888A2 = {
			isa = PBXGroup;
			children = (
				E707BB012CB3DDBD007888A2 /* Domotic */,
				E707BAC72CB3BAD2007888A2 /* DomoticTests */,
				E707BAD12CB3BAD2007888A2 /* DomoticUITests */,
				E707BAB52CB3BAD1007888A2 /* Products */,
			);
			sourceTree = "<group>";
		};
		E707BAB52CB3BAD1007888A2 /* Products */ = {
			isa = PBXGroup;
			children = (
				E707BAB42CB3BAD1007888A2 /* Domotic.app */,
				E707BAC42CB3BAD2007888A2 /* DomoticTests.xctest */,
				E707BACE2CB3BAD2007888A2 /* DomoticUITests.xctest */,
			);
			name = Products;
			sourceTree = "<group>";
		};
/* End PBXGroup section */

/* Begin PBXNativeTarget section */
		E707BAB32CB3BAD1007888A2 /* Domotic */ = {
			isa = PBXNativeTarget;
			buildConfigurationList = E707BAD82CB3BAD2007888A2 /* Build configuration list for PBXNativeTarget "Domotic" */;
			buildPhases = (
				E707BAB02CB3BAD1007888A2 /* Sources */,
				E707BAB12CB3BAD1007888A2 /* Frameworks */,
				E707BAB22CB3BAD1007888A2 /* Resources */,
			);
			buildRules = (
			);
			dependencies = (
			);
			fileSystemSynchronizedGroups = (
				E707BB012CB3DDBD007888A2 /* Domotic */,
			);
			name = Domotic;
			packageProductDependencies = (
				E707BAE52CB3BD3D007888A2 /* CocoaMQTT */,
				E75E9DB72CB90DC2004CF3D5 /* ColorfulX */,
			);
			productName = Domotic;
			productReference = E707BAB42CB3BAD1007888A2 /* Domotic.app */;
			productType = "com.apple.product-type.application";
		};
		E707BAC32CB3BAD2007888A2 /* DomoticTests */ = {
			isa = PBXNativeTarget;
			buildConfigurationList = E707BADB2CB3BAD2007888A2 /* Build configuration list for PBXNativeTarget "DomoticTests" */;
			buildPhases = (
				E707BAC02CB3BAD2007888A2 /* Sources */,
				E707BAC12CB3BAD2007888A2 /* Frameworks */,
				E707BAC22CB3BAD2007888A2 /* Resources */,
			);
			buildRules = (
			);
			dependencies = (
				E707BAC62CB3BAD2007888A2 /* PBXTargetDependency */,
			);
			fileSystemSynchronizedGroups = (
				E707BAC72CB3BAD2007888A2 /* DomoticTests */,
			);
			name = DomoticTests;
			packageProductDependencies = (
			);
			productName = DomoticTests;
			productReference = E707BAC42CB3BAD2007888A2 /* DomoticTests.xctest */;
			productType = "com.apple.product-type.bundle.unit-test";
		};
		E707BACD2CB3BAD2007888A2 /* DomoticUITests */ = {
			isa = PBXNativeTarget;
			buildConfigurationList = E707BADE2CB3BAD2007888A2 /* Build configuration list for PBXNativeTarget "DomoticUITests" */;
			buildPhases = (
				E707BACA2CB3BAD2007888A2 /* Sources */,
				E707BACB2CB3BAD2007888A2 /* Frameworks */,
				E707BACC2CB3BAD2007888A2 /* Resources */,
			);
			buildRules = (
			);
			dependencies = (
				E707BAD02CB3BAD2007888A2 /* PBXTargetDependency */,
			);
			fileSystemSynchronizedGroups = (
				E707BAD12CB3BAD2007888A2 /* DomoticUITests */,
			);
			name = DomoticUITests;
			packageProductDependencies = (
			);
			productName = DomoticUITests;
			productReference = E707BACE2CB3BAD2007888A2 /* DomoticUITests.xctest */;
			productType = "com.apple.product-type.bundle.ui-testing";
		};
/* End PBXNativeTarget section */

/* Begin PBXProject section */
		E707BAAC2CB3BAD1007888A2 /* Project object */ = {
			isa = PBXProject;
			attributes = {
				BuildIndependentTargetsInParallel = 1;
				LastSwiftUpdateCheck = 1600;
				LastUpgradeCheck = 1600;
				TargetAttributes = {
					E707BAB32CB3BAD1007888A2 = {
						CreatedOnToolsVersion = 16.0;
					};
					E707BAC32CB3BAD2007888A2 = {
						CreatedOnToolsVersion = 16.0;
						TestTargetID = E707BAB32CB3BAD1007888A2;
					};
					E707BACD2CB3BAD2007888A2 = {
						CreatedOnToolsVersion = 16.0;
						TestTargetID = E707BAB32CB3BAD1007888A2;
					};
				};
			};
			buildConfigurationList = E707BAAF2CB3BAD1007888A2 /* Build configuration list for PBXProject "Domotic" */;
			developmentRegion = en;
			hasScannedForEncodings = 0;
			knownRegions = (
				en,
				Base,
			);
			mainGroup = E707BAAB2CB3BAD1007888A2;
			minimizedProjectReferenceProxies = 1;
			packageReferences = (
				E707BAE42CB3BD3D007888A2 /* XCRemoteSwiftPackageReference "CocoaMQTT" */,
				E75E9DB62CB90DC2004CF3D5 /* XCRemoteSwiftPackageReference "ColorfulX" */,
			);
			preferredProjectObjectVersion = 77;
			productRefGroup = E707BAB52CB3BAD1007888A2 /* Products */;
			projectDirPath = "";
			projectRoot = "";
			targets = (
				E707BAB32CB3BAD1007888A2 /* Domotic */,
				E707BAC32CB3BAD2007888A2 /* DomoticTests */,
				E707BACD2CB3BAD2007888A2 /* DomoticUITests */,
			);
		};
/* End PBXProject section */

/* Begin PBXResourcesBuildPhase section */
		E707BAB22CB3BAD1007888A2 /* Resources */ = {
			isa = PBXResourcesBuildPhase;
			buildActionMask = 2147483647;
			files = (
			);
			runOnlyForDeploymentPostprocessing = 0;
		};
		E707BAC22CB3BAD2007888A2 /* Resources */ = {
			isa = PBXResourcesBuildPhase;
			buildActionMask = 2147483647;
			files = (
			);
			runOnlyForDeploymentPostprocessing = 0;
		};
		E707BACC2CB3BAD2007888A2 /* Resources */ = {
			isa = PBXResourcesBuildPhase;
			buildActionMask = 2147483647;
			files = (
			);
			runOnlyForDeploymentPostprocessing = 0;
		};
/* End PBXResourcesBuildPhase section */

/* Begin PBXSourcesBuildPhase section */
		E707BAB02CB3BAD1007888A2 /* Sources */ = {
			isa = PBXSourcesBuildPhase;
			buildActionMask = 2147483647;
			files = (
			);
			runOnlyForDeploymentPostprocessing = 0;
		};
		E707BAC02CB3BAD2007888A2 /* Sources */ = {
			isa = PBXSourcesBuildPhase;
			buildActionMask = 2147483647;
			files = (
			);
			runOnlyForDeploymentPostprocessing = 0;
		};
		E707BACA2CB3BAD2007888A2 /* Sources */ = {
			isa = PBXSourcesBuildPhase;
			buildActionMask = 2147483647;
			files = (
			);
			runOnlyForDeploymentPostprocessing = 0;
		};
/* End PBXSourcesBuildPhase section */

/* Begin PBXTargetDependency section */
		E707BAC62CB3BAD2007888A2 /* PBXTargetDependency */ = {
			isa = PBXTargetDependency;
			target = E707BAB32CB3BAD1007888A2 /* Domotic */;
			targetProxy = E707BAC52CB3BAD2007888A2 /* PBXContainerItemProxy */;
		};
		E707BAD02CB3BAD2007888A2 /* PBXTargetDependency */ = {
			isa = PBXTargetDependency;
			target = E707BAB32CB3BAD1007888A2 /* Domotic */;
			targetProxy = E707BACF2CB3BAD2007888A2 /* PBXContainerItemProxy */;
		};
/* End PBXTargetDependency section */

/* Begin XCBuildConfiguration section */
		E707BAD62CB3BAD2007888A2 /* Debug */ = {
			isa = XCBuildConfiguration;
			buildSettings = {
				ALWAYS_SEARCH_USER_PATHS = NO;
				ASSETCATALOG_COMPILER_GENERATE_SWIFT_ASSET_SYMBOL_EXTENSIONS = YES;
				CLANG_ANALYZER_NONNULL = YES;
				CLANG_ANALYZER_NUMBER_OBJECT_CONVERSION = YES_AGGRESSIVE;
				CLANG_CXX_LANGUAGE_STANDARD = "gnu++20";
				CLANG_ENABLE_MODULES = YES;
				CLANG_ENABLE_OBJC_ARC = YES;
				CLANG_ENABLE_OBJC_WEAK = YES;
				CLANG_WARN_BLOCK_CAPTURE_AUTORELEASING = YES;
				CLANG_WARN_BOOL_CONVERSION = YES;
				CLANG_WARN_COMMA = YES;
				CLANG_WARN_CONSTANT_CONVERSION = YES;
				CLANG_WARN_DEPRECATED_OBJC_IMPLEMENTATIONS = YES;
				CLANG_WARN_DIRECT_OBJC_ISA_USAGE = YES_ERROR;
				CLANG_WARN_DOCUMENTATION_COMMENTS = YES;
				CLANG_WARN_EMPTY_BODY = YES;
				CLANG_WARN_ENUM_CONVERSION = YES;
				CLANG_WARN_INFINITE_RECURSION = YES;
				CLANG_WARN_INT_CONVERSION = YES;
				CLANG_WARN_NON_LITERAL_NULL_CONVERSION = YES;
				CLANG_WARN_OBJC_IMPLICIT_RETAIN_SELF = YES;
				CLANG_WARN_OBJC_LITERAL_CONVERSION = YES;
				CLANG_WARN_OBJC_ROOT_CLASS = YES_ERROR;
				CLANG_WARN_QUOTED_INCLUDE_IN_FRAMEWORK_HEADER = YES;
				CLANG_WARN_RANGE_LOOP_ANALYSIS = YES;
				CLANG_WARN_STRICT_PROTOTYPES = YES;
				CLANG_WARN_SUSPICIOUS_MOVE = YES;
				CLANG_WARN_UNGUARDED_AVAILABILITY = YES_AGGRESSIVE;
				CLANG_WARN_UNREACHABLE_CODE = YES;
				CLANG_WARN__DUPLICATE_METHOD_MATCH = YES;
				COPY_PHASE_STRIP = NO;
				DEBUG_INFORMATION_FORMAT = dwarf;
				ENABLE_STRICT_OBJC_MSGSEND = YES;
				ENABLE_TESTABILITY = YES;
				ENABLE_USER_SCRIPT_SANDBOXING = YES;
				GCC_C_LANGUAGE_STANDARD = gnu17;
				GCC_DYNAMIC_NO_PIC = NO;
				GCC_NO_COMMON_BLOCKS = YES;
				GCC_OPTIMIZATION_LEVEL = 0;
				GCC_PREPROCESSOR_DEFINITIONS = (
					"DEBUG=1",
					"$(inherited)",
				);
				GCC_WARN_64_TO_32_BIT_CONVERSION = YES;
				GCC_WARN_ABOUT_RETURN_TYPE = YES_ERROR;
				GCC_WARN_UNDECLARED_SELECTOR = YES;
				GCC_WARN_UNINITIALIZED_AUTOS = YES_AGGRESSIVE;
				GCC_WARN_UNUSED_FUNCTION = YES;
				GCC_WARN_UNUSED_VARIABLE = YES;
				IPHONEOS_DEPLOYMENT_TARGET = 18.0;
				LOCALIZATION_PREFERS_STRING_CATALOGS = YES;
				MTL_ENABLE_DEBUG_INFO = INCLUDE_SOURCE;
				MTL_FAST_MATH = YES;
				ONLY_ACTIVE_ARCH = YES;
				SDKROOT = iphoneos;
				SWIFT_ACTIVE_COMPILATION_CONDITIONS = "DEBUG $(inherited)";
				SWIFT_OPTIMIZATION_LEVEL = "-Onone";
			};
			name = Debug;
		};
		E707BAD72CB3BAD2007888A2 /* Release */ = {
			isa = XCBuildConfiguration;
			buildSettings = {
				ALWAYS_SEARCH_USER_PATHS = NO;
				ASSETCATALOG_COMPILER_GENERATE_SWIFT_ASSET_SYMBOL_EXTENSIONS = YES;
				CLANG_ANALYZER_NONNULL = YES;
				CLANG_ANALYZER_NUMBER_OBJECT_CONVERSION = YES_AGGRESSIVE;
				CLANG_CXX_LANGUAGE_STANDARD = "gnu++20";
				CLANG_ENABLE_MODULES = YES;
				CLANG_ENABLE_OBJC_ARC = YES;
				CLANG_ENABLE_OBJC_WEAK = YES;
				CLANG_WARN_BLOCK_CAPTURE_AUTORELEASING = YES;
				CLANG_WARN_BOOL_CONVERSION = YES;
				CLANG_WARN_COMMA = YES;
				CLANG_WARN_CONSTANT_CONVERSION = YES;
				CLANG_WARN_DEPRECATED_OBJC_IMPLEMENTATIONS = YES;
				CLANG_WARN_DIRECT_OBJC_ISA_USAGE = YES_ERROR;
				CLANG_WARN_DOCUMENTATION_COMMENTS = YES;
				CLANG_WARN_EMPTY_BODY = YES;
				CLANG_WARN_ENUM_CONVERSION = YES;
				CLANG_WARN_INFINITE_RECURSION = YES;
				CLANG_WARN_INT_CONVERSION = YES;
				CLANG_WARN_NON_LITERAL_NULL_CONVERSION = YES;
				CLANG_WARN_OBJC_IMPLICIT_RETAIN_SELF = YES;
				CLANG_WARN_OBJC_LITERAL_CONVERSION = YES;
				CLANG_WARN_OBJC_ROOT_CLASS = YES_ERROR;
				CLANG_WARN_QUOTED_INCLUDE_IN_FRAMEWORK_HEADER = YES;
				CLANG_WARN_RANGE_LOOP_ANALYSIS = YES;
				CLANG_WARN_STRICT_PROTOTYPES = YES;
				CLANG_WARN_SUSPICIOUS_MOVE = YES;
				CLANG_WARN_UNGUARDED_AVAILABILITY = YES_AGGRESSIVE;
				CLANG_WARN_UNREACHABLE_CODE = YES;
				CLANG_WARN__DUPLICATE_METHOD_MATCH = YES;
				COPY_PHASE_STRIP = NO;
				DEBUG_INFORMATION_FORMAT = "dwarf-with-dsym";
				ENABLE_NS_ASSERTIONS = NO;
				ENABLE_STRICT_OBJC_MSGSEND = YES;
				ENABLE_USER_SCRIPT_SANDBOXING = YES;
				GCC_C_LANGUAGE_STANDARD = gnu17;
				GCC_NO_COMMON_BLOCKS = YES;
				GCC_WARN_64_TO_32_BIT_CONVERSION = YES;
				GCC_WARN_ABOUT_RETURN_TYPE = YES_ERROR;
				GCC_WARN_UNDECLARED_SELECTOR = YES;
				GCC_WARN_UNINITIALIZED_AUTOS = YES_AGGRESSIVE;
				GCC_WARN_UNUSED_FUNCTION = YES;
				GCC_WARN_UNUSED_VARIABLE = YES;
				IPHONEOS_DEPLOYMENT_TARGET = 18.0;
				LOCALIZATION_PREFERS_STRING_CATALOGS = YES;
				MTL_ENABLE_DEBUG_INFO = NO;
				MTL_FAST_MATH = YES;
				SDKROOT = iphoneos;
				SWIFT_COMPILATION_MODE = wholemodule;
				VALIDATE_PRODUCT = YES;
			};
			name = Release;
		};
		E707BAD92CB3BAD2007888A2 /* Debug */ = {
			isa = XCBuildConfiguration;
			buildSettings = {
				ASSETCATALOG_COMPILER_APPICON_NAME = AppIcon;
				ASSETCATALOG_COMPILER_GLOBAL_ACCENT_COLOR_NAME = AccentColor;
				CODE_SIGN_STYLE = Automatic;
				CURRENT_PROJECT_VERSION = 1;
				DEVELOPMENT_ASSET_PATHS = "\"Domotic/Preview Content\"";
				DEVELOPMENT_TEAM = 8YBGRK293V;
				ENABLE_PREVIEWS = YES;
				GENERATE_INFOPLIST_FILE = YES;
				INFOPLIST_KEY_UIApplicationSceneManifest_Generation = YES;
				INFOPLIST_KEY_UIApplicationSupportsIndirectInputEvents = YES;
				INFOPLIST_KEY_UILaunchScreen_Generation = YES;
				INFOPLIST_KEY_UISupportedInterfaceOrientations = UIInterfaceOrientationPortrait;
				INFOPLIST_KEY_UISupportedInterfaceOrientations_iPad = "UIInterfaceOrientationPortrait UIInterfaceOrientationPortraitUpsideDown";
				LD_RUNPATH_SEARCH_PATHS = (
					"$(inherited)",
					"@executable_path/Frameworks",
				);
				MARKETING_VERSION = 1.0;
				PRODUCT_BUNDLE_IDENTIFIER = SAE3.01.Domotic;
				PRODUCT_NAME = "$(TARGET_NAME)";
				SWIFT_EMIT_LOC_STRINGS = YES;
				SWIFT_VERSION = 5.0;
				TARGETED_DEVICE_FAMILY = "1,2";
			};
			name = Debug;
		};
		E707BADA2CB3BAD2007888A2 /* Release */ = {
			isa = XCBuildConfiguration;
			buildSettings = {
				ASSETCATALOG_COMPILER_APPICON_NAME = AppIcon;
				ASSETCATALOG_COMPILER_GLOBAL_ACCENT_COLOR_NAME = AccentColor;
				CODE_SIGN_STYLE = Automatic;
				CURRENT_PROJECT_VERSION = 1;
				DEVELOPMENT_ASSET_PATHS = "\"Domotic/Preview Content\"";
				DEVELOPMENT_TEAM = 8YBGRK293V;
				ENABLE_PREVIEWS = YES;
				GENERATE_INFOPLIST_FILE = YES;
				INFOPLIST_KEY_UIApplicationSceneManifest_Generation = YES;
				INFOPLIST_KEY_UIApplicationSupportsIndirectInputEvents = YES;
				INFOPLIST_KEY_UILaunchScreen_Generation = YES;
				INFOPLIST_KEY_UISupportedInterfaceOrientations = UIInterfaceOrientationPortrait;
				INFOPLIST_KEY_UISupportedInterfaceOrientations_iPad = "UIInterfaceOrientationPortrait UIInterfaceOrientationPortraitUpsideDown";
				LD_RUNPATH_SEARCH_PATHS = (
					"$(inherited)",
					"@executable_path/Frameworks",
				);
				MARKETING_VERSION = 1.0;
				PRODUCT_BUNDLE_IDENTIFIER = SAE3.01.Domotic;
				PRODUCT_NAME = "$(TARGET_NAME)";
				SWIFT_EMIT_LOC_STRINGS = YES;
				SWIFT_VERSION = 5.0;
				TARGETED_DEVICE_FAMILY = "1,2";
			};
			name = Release;
		};
		E707BADC2CB3BAD2007888A2 /* Debug */ = {
			isa = XCBuildConfiguration;
			buildSettings = {
				BUNDLE_LOADER = "$(TEST_HOST)";
				CODE_SIGN_STYLE = Automatic;
				CURRENT_PROJECT_VERSION = 1;
				DEVELOPMENT_TEAM = 8YBGRK293V;
				GENERATE_INFOPLIST_FILE = YES;
				IPHONEOS_DEPLOYMENT_TARGET = 18.0;
				MARKETING_VERSION = 1.0;
				PRODUCT_BUNDLE_IDENTIFIER = SAE3.01.DomoticTests;
				PRODUCT_NAME = "$(TARGET_NAME)";
				SWIFT_EMIT_LOC_STRINGS = NO;
				SWIFT_VERSION = 5.0;
				TARGETED_DEVICE_FAMILY = "1,2";
				TEST_HOST = "$(BUILT_PRODUCTS_DIR)/Domotic.app/$(BUNDLE_EXECUTABLE_FOLDER_PATH)/Domotic";
			};
			name = Debug;
		};
		E707BADD2CB3BAD2007888A2 /* Release */ = {
			isa = XCBuildConfiguration;
			buildSettings = {
				BUNDLE_LOADER = "$(TEST_HOST)";
				CODE_SIGN_STYLE = Automatic;
				CURRENT_PROJECT_VERSION = 1;
				DEVELOPMENT_TEAM = 8YBGRK293V;
				GENERATE_INFOPLIST_FILE = YES;
				IPHONEOS_DEPLOYMENT_TARGET = 18.0;
				MARKETING_VERSION = 1.0;
				PRODUCT_BUNDLE_IDENTIFIER = SAE3.01.DomoticTests;
				PRODUCT_NAME = "$(TARGET_NAME)";
				SWIFT_EMIT_LOC_STRINGS = NO;
				SWIFT_VERSION = 5.0;
				TARGETED_DEVICE_FAMILY = "1,2";
				TEST_HOST = "$(BUILT_PRODUCTS_DIR)/Domotic.app/$(BUNDLE_EXECUTABLE_FOLDER_PATH)/Domotic";
			};
			name = Release;
		};
		E707BADF2CB3BAD2007888A2 /* Debug */ = {
			isa = XCBuildConfiguration;
			buildSettings = {
				CODE_SIGN_STYLE = Automatic;
				CURRENT_PROJECT_VERSION = 1;
				DEVELOPMENT_TEAM = 8YBGRK293V;
				GENERATE_INFOPLIST_FILE = YES;
				MARKETING_VERSION = 1.0;
				PRODUCT_BUNDLE_IDENTIFIER = SAE3.01.DomoticUITests;
				PRODUCT_NAME = "$(TARGET_NAME)";
				SWIFT_EMIT_LOC_STRINGS = NO;
				SWIFT_VERSION = 5.0;
				TARGETED_DEVICE_FAMILY = "1,2";
				TEST_TARGET_NAME = Domotic;
			};
			name = Debug;
		};
		E707BAE02CB3BAD2007888A2 /* Release */ = {
			isa = XCBuildConfiguration;
			buildSettings = {
				CODE_SIGN_STYLE = Automatic;
				CURRENT_PROJECT_VERSION = 1;
				DEVELOPMENT_TEAM = 8YBGRK293V;
				GENERATE_INFOPLIST_FILE = YES;
				MARKETING_VERSION = 1.0;
				PRODUCT_BUNDLE_IDENTIFIER = SAE3.01.DomoticUITests;
				PRODUCT_NAME = "$(TARGET_NAME)";
				SWIFT_EMIT_LOC_STRINGS = NO;
				SWIFT_VERSION = 5.0;
				TARGETED_DEVICE_FAMILY = "1,2";
				TEST_TARGET_NAME = Domotic;
			};
			name = Release;
		};
/* End XCBuildConfiguration section */

/* Begin XCConfigurationList section */
		E707BAAF2CB3BAD1007888A2 /* Build configuration list for PBXProject "Domotic" */ = {
			isa = XCConfigurationList;
			buildConfigurations = (
				E707BAD62CB3BAD2007888A2 /* Debug */,
				E707BAD72CB3BAD2007888A2 /* Release */,
			);
			defaultConfigurationIsVisible = 0;
			defaultConfigurationName = Release;
		};
		E707BAD82CB3BAD2007888A2 /* Build configuration list for PBXNativeTarget "Domotic" */ = {
			isa = XCConfigurationList;
			buildConfigurations = (
				E707BAD92CB3BAD2007888A2 /* Debug */,
				E707BADA2CB3BAD2007888A2 /* Release */,
			);
			defaultConfigurationIsVisible = 0;
			defaultConfigurationName = Release;
		};
		E707BADB2CB3BAD2007888A2 /* Build configuration list for PBXNativeTarget "DomoticTests" */ = {
			isa = XCConfigurationList;
			buildConfigurations = (
				E707BADC2CB3BAD2007888A2 /* Debug */,
				E707BADD2CB3BAD2007888A2 /* Release */,
			);
			defaultConfigurationIsVisible = 0;
			defaultConfigurationName = Release;
		};
		E707BADE2CB3BAD2007888A2 /* Build configuration list for PBXNativeTarget "DomoticUITests" */ = {
			isa = XCConfigurationList;
			buildConfigurations = (
				E707BADF2CB3BAD2007888A2 /* Debug */,
				E707BAE02CB3BAD2007888A2 /* Release */,
			);
			defaultConfigurationIsVisible = 0;
			defaultConfigurationName = Release;
		};
/* End XCConfigurationList section */

/* Begin XCRemoteSwiftPackageReference section */
		E707BAE42CB3BD3D007888A2 /* XCRemoteSwiftPackageReference "CocoaMQTT" */ = {
			isa = XCRemoteSwiftPackageReference;
			repositoryURL = "https://github.com/emqx/CocoaMQTT.git";
			requirement = {
				kind = upToNextMajorVersion;
				minimumVersion = 2.1.8;
			};
		};
		E75E9DB62CB90DC2004CF3D5 /* XCRemoteSwiftPackageReference "ColorfulX" */ = {
			isa = XCRemoteSwiftPackageReference;
			repositoryURL = "https://github.com/Lakr233/ColorfulX.git";
			requirement = {
				kind = upToNextMajorVersion;
				minimumVersion = 5.5.1;
			};
		};
/* End XCRemoteSwiftPackageReference section */

/* Begin XCSwiftPackageProductDependency section */
		E707BAE52CB3BD3D007888A2 /* CocoaMQTT */ = {
			isa = XCSwiftPackageProductDependency;
			package = E707BAE42CB3BD3D007888A2 /* XCRemoteSwiftPackageReference "CocoaMQTT" */;
			productName = CocoaMQTT;
		};
		E75E9DB72CB90DC2004CF3D5 /* ColorfulX */ = {
			isa = XCSwiftPackageProductDependency;
			package = E75E9DB62CB90DC2004CF3D5 /* XCRemoteSwiftPackageReference "ColorfulX" */;
			productName = ColorfulX;
		};
/* End XCSwiftPackageProductDependency section */
	};
	rootObject = E707BAAC2CB3BAD1007888A2 /* Project object */;
}
